{
  "version": 4,
  "terraform_version": "1.3.3",
  "serial": 19,
  "lineage": "049922d3-51ba-93c0-8dba-fa7e491dfd24",
  "outputs": {
    "public_ip": {
      "value": "3.109.207.174",
      "type": "string"
    }
  },
  "resources": [
    {
      "mode": "managed",
      "type": "aws_instance",
      "name": "tfec2",
      "provider": "provider[\"registry.terraform.io/hashicorp/aws\"]",
      "instances": [
        {
          "schema_version": 1,
          "attributes": {
            "ami": "ami-0e6329e222e662a52",
            "arn": "arn:aws:ec2:ap-south-1:227218640239:instance/i-0d9093ddcc3d18113",
            "associate_public_ip_address": true,
            "availability_zone": "ap-south-1b",
            "capacity_reservation_specification": [
              {
                "capacity_reservation_preference": "open",
                "capacity_reservation_target": []
              }
            ],
            "cpu_core_count": 1,
            "cpu_threads_per_core": 1,
            "credit_specification": [
              {
                "cpu_credits": "standard"
              }
            ],
            "disable_api_stop": false,
            "disable_api_termination": false,
            "ebs_block_device": [],
            "ebs_optimized": false,
            "enclave_options": [
              {
                "enabled": false
              }
            ],
            "ephemeral_block_device": [],
            "get_password_data": false,
            "hibernation": false,
            "host_id": null,
            "host_resource_group_arn": null,
            "iam_instance_profile": "",
            "id": "i-0d9093ddcc3d18113",
            "instance_initiated_shutdown_behavior": "stop",
            "instance_state": "running",
            "instance_type": "t2.micro",
            "ipv6_address_count": 0,
            "ipv6_addresses": [],
            "key_name": "terraformkp",
            "launch_template": [],
            "maintenance_options": [
              {
                "auto_recovery": "default"
              }
            ],
            "metadata_options": [
              {
                "http_endpoint": "enabled",
                "http_put_response_hop_limit": 1,
                "http_tokens": "optional",
                "instance_metadata_tags": "disabled"
              }
            ],
            "monitoring": false,
            "network_interface": [],
            "outpost_arn": "",
            "password_data": "",
            "placement_group": "",
            "placement_partition_number": null,
            "primary_network_interface_id": "eni-067adbae549c4b277",
            "private_dns": "ip-172-31-4-146.ap-south-1.compute.internal",
            "private_dns_name_options": [
              {
                "enable_resource_name_dns_a_record": false,
                "enable_resource_name_dns_aaaa_record": false,
                "hostname_type": "ip-name"
              }
            ],
            "private_ip": "172.31.4.146",
            "public_dns": "ec2-3-109-207-174.ap-south-1.compute.amazonaws.com",
            "public_ip": "3.109.207.174",
            "root_block_device": [
              {
                "delete_on_termination": true,
                "device_name": "/dev/xvda",
                "encrypted": false,
                "iops": 100,
                "kms_key_id": "",
                "tags": {},
                "throughput": 0,
                "volume_id": "vol-09f2f9039e6ea401c",
                "volume_size": 8,
                "volume_type": "gp2"
              }
            ],
            "secondary_private_ips": [],
            "security_groups": [
              "terraform-20221115171618812200000001"
            ],
            "source_dest_check": true,
            "subnet_id": "subnet-063b46ad893d2f152",
            "tags": {
              "Name": "tfec2"
            },
            "tags_all": {
              "Name": "tfec2"
            },
            "tenancy": "default",
            "timeouts": null,
            "user_data": null,
            "user_data_base64": null,
            "user_data_replace_on_change": false,
            "volume_tags": null,
            "vpc_security_group_ids": [
              "sg-00ff29bfa9c196ad7"
            ]
          },
          "sensitive_attributes": [],
          "private": "eyJlMmJmYjczMC1lY2FhLTExZTYtOGY4OC0zNDM2M2JjN2M0YzAiOnsiY3JlYXRlIjo2MDAwMDAwMDAwMDAsImRlbGV0ZSI6MTIwMDAwMDAwMDAwMCwidXBkYXRlIjo2MDAwMDAwMDAwMDB9LCJzY2hlbWFfdmVyc2lvbiI6IjEifQ==",
          "dependencies": [
            "aws_key_pair.terraformkp",
            "aws_security_group.tfsg"
          ]
        }
      ]
    },
    {
      "mode": "managed",
      "type": "aws_key_pair",
      "name": "terraformkp",
      "provider": "provider[\"registry.terraform.io/hashicorp/aws\"]",
      "instances": [
        {
          "schema_version": 1,
          "attributes": {
            "arn": "arn:aws:ec2:ap-south-1:227218640239:key-pair/terraformkp",
            "fingerprint": "7e:69:7d:18:3e:f7:4e:16:66:8b:b7:7e:44:66:2d:61",
            "id": "terraformkp",
            "key_name": "terraformkp",
            "key_name_prefix": "",
            "key_pair_id": "key-079879510deaecea9",
            "key_type": "rsa",
            "public_key": "ssh-rsa AAAAB3NzaC1yc2EAAAADAQABAAABgQCpHxMihFyyZ7Ih79udR42MhJzWxD/4+RPj09vSt152ruAHJmMCmBeAo1Jm/vCg7Os44SxRpFaj/gW0Fbo+BolxI4DYKrA6uIB8Uh7jJsmfvbbc4bE31qsEvu7RmeMbbJikxxnWdJR+pg0y54dUGnyOe/JKK2bhUN0rc925y4KjC0AhO35n61rQQAQ96Vsu6FRqoV07rA0lRk2XpV0kIilVaIqlo770/q3+Bm1n9Cpv2KFNQJ0/UNxNv19gUpnFTdo3cF8KKT4VB9lyA2kjue3COQvKUUifcvMjRBurFuWsD0Y/efngcHxpFZ+AbIymacuudBnyGVKgbAqDarwpQYSWySkBk9x1evPH/N+P9bYfDP13pMcBxtmfgV9bSZLoigTjqWM8P8ICXJdJ8RGIwmOLHT5zR5q+QeeLT+0SCpR1bXygY+K5TTeJmhJN0JUWVBi4TcnrbIzueNSdGFEM03/7nJelIG4I3g2QkYJ5GEXnEqg2znVUXBvzySxBA7NxmdM= Sriman@DESKTOP-1QI4S5N",
            "tags": {},
            "tags_all": {}
          },
          "sensitive_attributes": [],
          "private": "eyJzY2hlbWFfdmVyc2lvbiI6IjEifQ=="
        }
      ]
    },
    {
      "mode": "managed",
      "type": "aws_security_group",
      "name": "tfsg",
      "provider": "provider[\"registry.terraform.io/hashicorp/aws\"]",
      "instances": [
        {
          "schema_version": 1,
          "attributes": {
            "arn": "arn:aws:ec2:ap-south-1:227218640239:security-group/sg-00ff29bfa9c196ad7",
            "description": "Managed by Terraform",
            "egress": [
              {
                "cidr_blocks": [
                  "0.0.0.0/0"
                ],
                "description": "",
                "from_port": 0,
                "ipv6_cidr_blocks": [],
                "prefix_list_ids": [],
                "protocol": "-1",
                "security_groups": [],
                "self": false,
                "to_port": 0
              }
            ],
            "id": "sg-00ff29bfa9c196ad7",
            "ingress": [
              {
                "cidr_blocks": [
                  "0.0.0.0/0"
                ],
                "description": "",
                "from_port": 22,
                "ipv6_cidr_blocks": [],
                "prefix_list_ids": [],
                "protocol": "tcp",
                "security_groups": [],
                "self": false,
                "to_port": 22
              }
            ],
            "name": "terraform-20221115171618812200000001",
            "name_prefix": "terraform-",
            "owner_id": "227218640239",
            "revoke_rules_on_delete": false,
            "tags": {},
            "tags_all": {},
            "timeouts": null,
            "vpc_id": "vpc-038c64e9465370109"
          },
          "sensitive_attributes": [],
          "private": "eyJlMmJmYjczMC1lY2FhLTExZTYtOGY4OC0zNDM2M2JjN2M0YzAiOnsiY3JlYXRlIjo2MDAwMDAwMDAwMDAsImRlbGV0ZSI6OTAwMDAwMDAwMDAwfSwic2NoZW1hX3ZlcnNpb24iOiIxIn0="
        }
      ]
    }
  ],
  "check_results": []
}
