{
  "version": 4,
  "terraform_version": "1.3.3",
  "serial": 6,
  "lineage": "3b02b7c7-991d-edd9-3431-46459d45a355",
  "outputs": {},
  "resources": [
    {
      "mode": "managed",
      "type": "aws_instance",
      "name": "javaserverec2",
      "provider": "provider[\"registry.terraform.io/hashicorp/aws\"]",
      "instances": [
        {
          "schema_version": 1,
          "attributes": {
            "ami": "ami-024c319d5d14b463e",
            "arn": "arn:aws:ec2:ap-south-1:227218640239:instance/i-01ec908e8c472f4e6",
            "associate_public_ip_address": true,
            "availability_zone": "ap-south-1a",
            "capacity_reservation_specification": [
              {
                "capacity_reservation_preference": "open",
                "capacity_reservation_target": []
              }
            ],
            "cpu_core_count": 1,
            "cpu_threads_per_core": 1,
            "credit_specification": [
              {
                "cpu_credits": "standard"
              }
            ],
            "disable_api_stop": false,
            "disable_api_termination": false,
            "ebs_block_device": [],
            "ebs_optimized": false,
            "enclave_options": [
              {
                "enabled": false
              }
            ],
            "ephemeral_block_device": [],
            "get_password_data": false,
            "hibernation": false,
            "host_id": null,
            "host_resource_group_arn": null,
            "iam_instance_profile": "",
            "id": "i-01ec908e8c472f4e6",
            "instance_initiated_shutdown_behavior": "stop",
            "instance_state": "running",
            "instance_type": "t2.micro",
            "ipv6_address_count": 0,
            "ipv6_addresses": [],
            "key_name": "terraformkp",
            "launch_template": [],
            "maintenance_options": [
              {
                "auto_recovery": "default"
              }
            ],
            "metadata_options": [
              {
                "http_endpoint": "enabled",
                "http_put_response_hop_limit": 1,
                "http_tokens": "optional",
                "instance_metadata_tags": "disabled"
              }
            ],
            "monitoring": false,
            "network_interface": [],
            "outpost_arn": "",
            "password_data": "",
            "placement_group": "",
            "placement_partition_number": null,
            "primary_network_interface_id": "eni-00045310e78c7cdf8",
            "private_dns": "ip-172-31-44-115.ap-south-1.compute.internal",
            "private_dns_name_options": [
              {
                "enable_resource_name_dns_a_record": false,
                "enable_resource_name_dns_aaaa_record": false,
                "hostname_type": "ip-name"
              }
            ],
            "private_ip": "172.31.44.115",
            "public_dns": "ec2-65-2-137-227.ap-south-1.compute.amazonaws.com",
            "public_ip": "65.2.137.227",
            "root_block_device": [
              {
                "delete_on_termination": true,
                "device_name": "/dev/sda1",
                "encrypted": false,
                "iops": 100,
                "kms_key_id": "",
                "tags": {},
                "throughput": 0,
                "volume_id": "vol-06313f13119e5fdb1",
                "volume_size": 8,
                "volume_type": "gp2"
              }
            ],
            "secondary_private_ips": [],
            "security_groups": [
              "default"
            ],
            "source_dest_check": true,
            "subnet_id": "subnet-0896a104bf4f3ae70",
            "tags": null,
            "tags_all": {},
            "tenancy": "default",
            "timeouts": null,
            "user_data": null,
            "user_data_base64": null,
            "user_data_replace_on_change": false,
            "volume_tags": null,
            "vpc_security_group_ids": [
              "sg-0a7c3d53fa5b740ef"
            ]
          },
          "sensitive_attributes": [],
          "private": "eyJlMmJmYjczMC1lY2FhLTExZTYtOGY4OC0zNDM2M2JjN2M0YzAiOnsiY3JlYXRlIjo2MDAwMDAwMDAwMDAsImRlbGV0ZSI6MTIwMDAwMDAwMDAwMCwidXBkYXRlIjo2MDAwMDAwMDAwMDB9LCJzY2hlbWFfdmVyc2lvbiI6IjEifQ==",
          "dependencies": [
            "aws_key_pair.terraformkp"
          ]
        }
      ]
    },
    {
      "mode": "managed",
      "type": "aws_key_pair",
      "name": "terraformkp",
      "provider": "provider[\"registry.terraform.io/hashicorp/aws\"]",
      "instances": [
        {
          "schema_version": 1,
          "attributes": {
            "arn": "arn:aws:ec2:ap-south-1:227218640239:key-pair/terraformkp",
            "fingerprint": "7e:69:7d:18:3e:f7:4e:16:66:8b:b7:7e:44:66:2d:61",
            "id": "terraformkp",
            "key_name": "terraformkp",
            "key_name_prefix": "",
            "key_pair_id": "key-0192ed490a797d9ff",
            "key_type": "rsa",
            "public_key": "ssh-rsa AAAAB3NzaC1yc2EAAAADAQABAAABgQCpHxMihFyyZ7Ih79udR42MhJzWxD/4+RPj09vSt152ruAHJmMCmBeAo1Jm/vCg7Os44SxRpFaj/gW0Fbo+BolxI4DYKrA6uIB8Uh7jJsmfvbbc4bE31qsEvu7RmeMbbJikxxnWdJR+pg0y54dUGnyOe/JKK2bhUN0rc925y4KjC0AhO35n61rQQAQ96Vsu6FRqoV07rA0lRk2XpV0kIilVaIqlo770/q3+Bm1n9Cpv2KFNQJ0/UNxNv19gUpnFTdo3cF8KKT4VB9lyA2kjue3COQvKUUifcvMjRBurFuWsD0Y/efngcHxpFZ+AbIymacuudBnyGVKgbAqDarwpQYSWySkBk9x1evPH/N+P9bYfDP13pMcBxtmfgV9bSZLoigTjqWM8P8ICXJdJ8RGIwmOLHT5zR5q+QeeLT+0SCpR1bXygY+K5TTeJmhJN0JUWVBi4TcnrbIzueNSdGFEM03/7nJelIG4I3g2QkYJ5GEXnEqg2znVUXBvzySxBA7NxmdM= Sriman@DESKTOP-1QI4S5N",
            "tags": {},
            "tags_all": {}
          },
          "sensitive_attributes": [],
          "private": "eyJzY2hlbWFfdmVyc2lvbiI6IjEifQ=="
        }
      ]
    }
  ],
  "check_results": []
}
