{
  "version": 4,
  "terraform_version": "1.3.3",
  "serial": 4,
  "lineage": "0152aa43-f355-efd5-3f1f-714354f8431d",
  "outputs": {},
  "resources": [
    {
      "mode": "data",
      "type": "aws_subnet",
      "name": "fithealth2pubsn",
      "provider": "provider[\"registry.terraform.io/hashicorp/aws\"]",
      "instances": [
        {
          "schema_version": 0,
          "attributes": {
            "arn": "arn:aws:ec2:ap-south-1:227218640239:subnet/subnet-03fa44da729ad93ac",
            "assign_ipv6_address_on_creation": false,
            "availability_zone": "ap-south-1a",
            "availability_zone_id": "aps1-az1",
            "available_ip_address_count": 251,
            "cidr_block": "172.12.1.0/24",
            "customer_owned_ipv4_pool": "",
            "default_for_az": false,
            "enable_dns64": false,
            "enable_resource_name_dns_a_record_on_launch": false,
            "enable_resource_name_dns_aaaa_record_on_launch": false,
            "filter": null,
            "id": "subnet-03fa44da729ad93ac",
            "ipv6_cidr_block": "",
            "ipv6_cidr_block_association_id": "",
            "ipv6_native": false,
            "map_customer_owned_ip_on_launch": false,
            "map_public_ip_on_launch": false,
            "outpost_arn": "",
            "owner_id": "227218640239",
            "private_dns_hostname_type_on_launch": "ip-name",
            "state": "available",
            "tags": {
              "Name": "fithealth2pubsn"
            },
            "timeouts": null,
            "vpc_id": "vpc-058651a8b337a3b00"
          },
          "sensitive_attributes": []
        }
      ]
    },
    {
      "mode": "data",
      "type": "aws_vpc",
      "name": "fithealth2vpc",
      "provider": "provider[\"registry.terraform.io/hashicorp/aws\"]",
      "instances": [
        {
          "schema_version": 0,
          "attributes": {
            "arn": "arn:aws:ec2:ap-south-1:227218640239:vpc/vpc-058651a8b337a3b00",
            "cidr_block": "172.12.0.0/16",
            "cidr_block_associations": [
              {
                "association_id": "vpc-cidr-assoc-036ed8d569ec38ef5",
                "cidr_block": "172.12.0.0/16",
                "state": "associated"
              }
            ],
            "default": false,
            "dhcp_options_id": "dopt-071ca8a68c61ad0a2",
            "enable_dns_hostnames": false,
            "enable_dns_support": true,
            "enable_network_address_usage_metrics": false,
            "filter": null,
            "id": "vpc-058651a8b337a3b00",
            "instance_tenancy": "default",
            "ipv6_association_id": "",
            "ipv6_cidr_block": "",
            "main_route_table_id": "rtb-0a93ee56fcc5e35cb",
            "owner_id": "227218640239",
            "state": null,
            "tags": {
              "Name": "fithealth2vpc"
            },
            "timeouts": null
          },
          "sensitive_attributes": []
        }
      ]
    },
    {
      "mode": "managed",
      "type": "aws_instance",
      "name": "fithealth2ec2",
      "provider": "provider[\"registry.terraform.io/hashicorp/aws\"]",
      "instances": [
        {
          "schema_version": 1,
          "attributes": {
            "ami": "ami-024c319d5d14b463e",
            "arn": "arn:aws:ec2:ap-south-1:227218640239:instance/i-007bc130d428ddae8",
            "associate_public_ip_address": true,
            "availability_zone": "ap-south-1a",
            "capacity_reservation_specification": [
              {
                "capacity_reservation_preference": "open",
                "capacity_reservation_target": []
              }
            ],
            "cpu_core_count": 1,
            "cpu_threads_per_core": 1,
            "credit_specification": [
              {
                "cpu_credits": "standard"
              }
            ],
            "disable_api_stop": false,
            "disable_api_termination": false,
            "ebs_block_device": [],
            "ebs_optimized": false,
            "enclave_options": [
              {
                "enabled": false
              }
            ],
            "ephemeral_block_device": [],
            "get_password_data": false,
            "hibernation": false,
            "host_id": null,
            "host_resource_group_arn": null,
            "iam_instance_profile": "",
            "id": "i-007bc130d428ddae8",
            "instance_initiated_shutdown_behavior": "stop",
            "instance_state": "running",
            "instance_type": "t2.micro",
            "ipv6_address_count": 0,
            "ipv6_addresses": [],
            "key_name": "fithealth2kp",
            "launch_template": [],
            "maintenance_options": [
              {
                "auto_recovery": "default"
              }
            ],
            "metadata_options": [
              {
                "http_endpoint": "enabled",
                "http_put_response_hop_limit": 1,
                "http_tokens": "optional",
                "instance_metadata_tags": "disabled"
              }
            ],
            "monitoring": false,
            "network_interface": [],
            "outpost_arn": "",
            "password_data": "",
            "placement_group": "",
            "placement_partition_number": null,
            "primary_network_interface_id": "eni-009ab3a5527ba977a",
            "private_dns": "ip-172-12-1-108.ap-south-1.compute.internal",
            "private_dns_name_options": [
              {
                "enable_resource_name_dns_a_record": false,
                "enable_resource_name_dns_aaaa_record": false,
                "hostname_type": "ip-name"
              }
            ],
            "private_ip": "172.12.1.108",
            "public_dns": "",
            "public_ip": "13.233.207.69",
            "root_block_device": [
              {
                "delete_on_termination": true,
                "device_name": "/dev/sda1",
                "encrypted": false,
                "iops": 100,
                "kms_key_id": "",
                "tags": {},
                "throughput": 0,
                "volume_id": "vol-09e86fa4dba920e3b",
                "volume_size": 8,
                "volume_type": "gp2"
              }
            ],
            "secondary_private_ips": [],
            "security_groups": [],
            "source_dest_check": true,
            "subnet_id": "subnet-03fa44da729ad93ac",
            "tags": {
              "Name": "fithealth2ec2"
            },
            "tags_all": {
              "Name": "fithealth2ec2"
            },
            "tenancy": "default",
            "timeouts": null,
            "user_data": null,
            "user_data_base64": null,
            "user_data_replace_on_change": false,
            "volume_tags": null,
            "vpc_security_group_ids": [
              "sg-0c6f4b27114fca2b8"
            ]
          },
          "sensitive_attributes": [],
          "private": "eyJlMmJmYjczMC1lY2FhLTExZTYtOGY4OC0zNDM2M2JjN2M0YzAiOnsiY3JlYXRlIjo2MDAwMDAwMDAwMDAsImRlbGV0ZSI6MTIwMDAwMDAwMDAwMCwidXBkYXRlIjo2MDAwMDAwMDAwMDB9LCJzY2hlbWFfdmVyc2lvbiI6IjEifQ==",
          "dependencies": [
            "aws_key_pair.fithealth2kp",
            "aws_security_group.fithealth2ec2sg",
            "data.aws_subnet.fithealth2pubsn",
            "data.aws_vpc.fithealth2vpc"
          ]
        }
      ]
    },
    {
      "mode": "managed",
      "type": "aws_key_pair",
      "name": "fithealth2kp",
      "provider": "provider[\"registry.terraform.io/hashicorp/aws\"]",
      "instances": [
        {
          "schema_version": 1,
          "attributes": {
            "arn": "arn:aws:ec2:ap-south-1:227218640239:key-pair/fithealth2kp",
            "fingerprint": "79:ea:de:90:0f:68:82:9d:33:04:8c:79:57:85:dc:6d",
            "id": "fithealth2kp",
            "key_name": "fithealth2kp",
            "key_name_prefix": "",
            "key_pair_id": "key-07d4aa1582771e5da",
            "key_type": "rsa",
            "public_key": "ssh-rsa AAAAB3NzaC1yc2EAAAADAQABAAABgQCtR1kc0F2T2juR7GwdcOSCeRha91iwv+cSaU7HRAp+lFhgMSTOPu2fbdhvKnmTf74nbc5e1NmX3mwt+azWV7F81FP26Y+sItZqVzOFbjkRI8GXe1op6lonc7Mfjpam4Cl08iaX75lC5tzH4NzJamQ52o4LIyYL1xjRVT5zPNDuH0bcyyPqLora17Bya/QRB4wD3WNNAsWzOxIBgLF/g1Ysb7mrVrkLUDMYQWt44DM4r8J/pqZtLbrdq7rkWIppUgzZBB7UfB+/j9bVS37tNFyeLVpb1qKIqGh9jXkxczTqWe7JxO6GPyPXUYsheGaCEUoQCVfJpYfDCiWojaXiS81eFO++ciqxzg1vcX08S4N86bHzvveK6lkETQE+VbzUfiWEhbEJH9ECI3yjighICJfDsLhZt7eJUPSVhnIHQWvrvlgKP1O8q2UTAaUB15gXPQuwP6uDSHrW15X6iPWla5R5u7B/m1vyi/IEfaFtVe/eQ7haUmbXyZRStO7fVuckmDk= Sriman@DESKTOP-1QI4S5N",
            "tags": null,
            "tags_all": {}
          },
          "sensitive_attributes": [],
          "private": "eyJzY2hlbWFfdmVyc2lvbiI6IjEifQ=="
        }
      ]
    },
    {
      "mode": "managed",
      "type": "aws_security_group",
      "name": "fithealth2ec2sg",
      "provider": "provider[\"registry.terraform.io/hashicorp/aws\"]",
      "instances": [
        {
          "schema_version": 1,
          "attributes": {
            "arn": "arn:aws:ec2:ap-south-1:227218640239:security-group/sg-0c6f4b27114fca2b8",
            "description": "fithealth2 ec2 SSH public access",
            "egress": [
              {
                "cidr_blocks": [
                  "0.0.0.0/0"
                ],
                "description": "",
                "from_port": 0,
                "ipv6_cidr_blocks": [],
                "prefix_list_ids": [],
                "protocol": "-1",
                "security_groups": [],
                "self": false,
                "to_port": 0
              }
            ],
            "id": "sg-0c6f4b27114fca2b8",
            "ingress": [
              {
                "cidr_blocks": [
                  "0.0.0.0/0"
                ],
                "description": "",
                "from_port": 22,
                "ipv6_cidr_blocks": [],
                "prefix_list_ids": [],
                "protocol": "tcp",
                "security_groups": [],
                "self": false,
                "to_port": 22
              }
            ],
            "name": "terraform-20221105135149938500000001",
            "name_prefix": "terraform-",
            "owner_id": "227218640239",
            "revoke_rules_on_delete": false,
            "tags": {
              "Name": "fithealth2ec2sg"
            },
            "tags_all": {
              "Name": "fithealth2ec2sg"
            },
            "timeouts": null,
            "vpc_id": "vpc-058651a8b337a3b00"
          },
          "sensitive_attributes": [],
          "private": "eyJlMmJmYjczMC1lY2FhLTExZTYtOGY4OC0zNDM2M2JjN2M0YzAiOnsiY3JlYXRlIjo2MDAwMDAwMDAwMDAsImRlbGV0ZSI6OTAwMDAwMDAwMDAwfSwic2NoZW1hX3ZlcnNpb24iOiIxIn0=",
          "dependencies": [
            "data.aws_vpc.fithealth2vpc"
          ]
        }
      ]
    }
  ],
  "check_results": []
}
